
Microsoft Visual Studio Solution File, Format Version 12.00
# Visual Studio 2012
Project("{FAE04EC0-301F-11D3-BF4B-00C04F79EFBC}") = "SliceOfPie_Model", "SliceOfPie_BDSA\SliceOfPie_Model.csproj", "{48B6328A-33A1-4FFD-B6B4-ED75E380E68C}"
EndProject
Project("{FAE04EC0-301F-11D3-BF4B-00C04F79EFBC}") = "SliceOfPie_Testing", "SliceOfPie_Testing\SliceOfPie_Testing.csproj", "{45311E78-B3A8-47A9-B832-A1CA62243A3C}"
EndProject
Project("{2150E333-8FDC-42A3-9474-1A3956D46DE8}") = "Solution Items", "Solution Items", "{0A10DDE6-D32B-4626-995D-E635B8437BBE}"
	ProjectSection(SolutionItems) = preProject
		Local.testsettings = Local.testsettings
		SliceOfPie_BDSA.vsmdi = SliceOfPie_BDSA.vsmdi
		TraceAndTestImpact.testsettings = TraceAndTestImpact.testsettings
	EndProjectSection
EndProject
Project("{FAE04EC0-301F-11D3-BF4B-00C04F79EFBC}") = "SliceOfPie_OfflineGUI", "SliceOfPie_OfflineGUI\SliceOfPie_OfflineGUI.csproj", "{12FB4DA9-3273-4C11-AB80-7A8819F1DF62}"
EndProject
Project("{FAE04EC0-301F-11D3-BF4B-00C04F79EFBC}") = "SliceOfPie_OnlineGUI", "SliceOfPie_OnlineGUI\SliceOfPie_OnlineGUI.csproj", "{73E9C9C4-F2CD-48CD-B673-54A1740EBD8A}"
EndProject
Project("{FAE04EC0-301F-11D3-BF4B-00C04F79EFBC}") = "SliceOfPie_Server", "SliceOfPie_Server\SliceOfPie_Server.csproj", "{27529225-BB29-4E63-8739-13B49751ABC8}"
EndProject
Global
	GlobalSection(TestCaseManagementSettings) = postSolution
		CategoryFile = SliceOfPie_BDSA.vsmdi
	EndGlobalSection
	GlobalSection(SolutionConfigurationPlatforms) = preSolution
		Debug|Any CPU = Debug|Any CPU
		Debug|Mixed Platforms = Debug|Mixed Platforms
		Debug|x86 = Debug|x86
		Release|Any CPU = Release|Any CPU
		Release|Mixed Platforms = Release|Mixed Platforms
		Release|x86 = Release|x86
	EndGlobalSection
	GlobalSection(ProjectConfigurationPlatforms) = postSolution
		{48B6328A-33A1-4FFD-B6B4-ED75E380E68C}.Debug|Any CPU.ActiveCfg = Debug|Any CPU
		{48B6328A-33A1-4FFD-B6B4-ED75E380E68C}.Debug|Any CPU.Build.0 = Debug|Any CPU
		{48B6328A-33A1-4FFD-B6B4-ED75E380E68C}.Debug|Mixed Platforms.ActiveCfg = Debug|Any CPU
		{48B6328A-33A1-4FFD-B6B4-ED75E380E68C}.Debug|Mixed Platforms.Build.0 = Debug|Any CPU
		{48B6328A-33A1-4FFD-B6B4-ED75E380E68C}.Debug|x86.ActiveCfg = Debug|Any CPU
		{48B6328A-33A1-4FFD-B6B4-ED75E380E68C}.Debug|x86.Build.0 = Debug|Any CPU
		{48B6328A-33A1-4FFD-B6B4-ED75E380E68C}.Release|Any CPU.ActiveCfg = Release|x86
		{48B6328A-33A1-4FFD-B6B4-ED75E380E68C}.Release|Any CPU.Build.0 = Release|x86
		{48B6328A-33A1-4FFD-B6B4-ED75E380E68C}.Release|Mixed Platforms.ActiveCfg = Release|x86
		{48B6328A-33A1-4FFD-B6B4-ED75E380E68C}.Release|Mixed Platforms.Build.0 = Release|x86
		{48B6328A-33A1-4FFD-B6B4-ED75E380E68C}.Release|x86.ActiveCfg = Release|x86
		{48B6328A-33A1-4FFD-B6B4-ED75E380E68C}.Release|x86.Build.0 = Release|x86
		{45311E78-B3A8-47A9-B832-A1CA62243A3C}.Debug|Any CPU.ActiveCfg = Debug|x86
		{45311E78-B3A8-47A9-B832-A1CA62243A3C}.Debug|Any CPU.Build.0 = Debug|x86
		{45311E78-B3A8-47A9-B832-A1CA62243A3C}.Debug|Mixed Platforms.ActiveCfg = Debug|Any CPU
		{45311E78-B3A8-47A9-B832-A1CA62243A3C}.Debug|Mixed Platforms.Build.0 = Debug|Any CPU
		{45311E78-B3A8-47A9-B832-A1CA62243A3C}.Debug|x86.ActiveCfg = Debug|Any CPU
		{45311E78-B3A8-47A9-B832-A1CA62243A3C}.Debug|x86.Build.0 = Debug|Any CPU
		{45311E78-B3A8-47A9-B832-A1CA62243A3C}.Release|Any CPU.ActiveCfg = Release|Any CPU
		{45311E78-B3A8-47A9-B832-A1CA62243A3C}.Release|Any CPU.Build.0 = Release|Any CPU
		{45311E78-B3A8-47A9-B832-A1CA62243A3C}.Release|Mixed Platforms.ActiveCfg = Release|Any CPU
		{45311E78-B3A8-47A9-B832-A1CA62243A3C}.Release|Mixed Platforms.Build.0 = Release|Any CPU
		{45311E78-B3A8-47A9-B832-A1CA62243A3C}.Release|x86.ActiveCfg = Release|Any CPU
		{12FB4DA9-3273-4C11-AB80-7A8819F1DF62}.Debug|Any CPU.ActiveCfg = Debug|x86
		{12FB4DA9-3273-4C11-AB80-7A8819F1DF62}.Debug|Any CPU.Build.0 = Debug|x86
		{12FB4DA9-3273-4C11-AB80-7A8819F1DF62}.Debug|Mixed Platforms.ActiveCfg = Debug|Any CPU
		{12FB4DA9-3273-4C11-AB80-7A8819F1DF62}.Debug|Mixed Platforms.Build.0 = Debug|Any CPU
		{12FB4DA9-3273-4C11-AB80-7A8819F1DF62}.Debug|x86.ActiveCfg = Debug|Any CPU
		{12FB4DA9-3273-4C11-AB80-7A8819F1DF62}.Debug|x86.Build.0 = Debug|Any CPU
		{12FB4DA9-3273-4C11-AB80-7A8819F1DF62}.Release|Any CPU.ActiveCfg = Release|x86
		{12FB4DA9-3273-4C11-AB80-7A8819F1DF62}.Release|Mixed Platforms.ActiveCfg = Release|x86
		{12FB4DA9-3273-4C11-AB80-7A8819F1DF62}.Release|Mixed Platforms.Build.0 = Release|x86
		{12FB4DA9-3273-4C11-AB80-7A8819F1DF62}.Release|x86.ActiveCfg = Release|x86
		{12FB4DA9-3273-4C11-AB80-7A8819F1DF62}.Release|x86.Build.0 = Release|x86
		{73E9C9C4-F2CD-48CD-B673-54A1740EBD8A}.Debug|Any CPU.ActiveCfg = Debug|x86
		{73E9C9C4-F2CD-48CD-B673-54A1740EBD8A}.Debug|Any CPU.Build.0 = Debug|x86
		{73E9C9C4-F2CD-48CD-B673-54A1740EBD8A}.Debug|Mixed Platforms.ActiveCfg = Debug|Any CPU
		{73E9C9C4-F2CD-48CD-B673-54A1740EBD8A}.Debug|Mixed Platforms.Build.0 = Debug|Any CPU
		{73E9C9C4-F2CD-48CD-B673-54A1740EBD8A}.Debug|x86.ActiveCfg = Debug|Any CPU
		{73E9C9C4-F2CD-48CD-B673-54A1740EBD8A}.Debug|x86.Build.0 = Debug|Any CPU
		{73E9C9C4-F2CD-48CD-B673-54A1740EBD8A}.Release|Any CPU.ActiveCfg = Release|Any CPU
		{73E9C9C4-F2CD-48CD-B673-54A1740EBD8A}.Release|Any CPU.Build.0 = Release|Any CPU
		{73E9C9C4-F2CD-48CD-B673-54A1740EBD8A}.Release|Mixed Platforms.ActiveCfg = Release|Any CPU
		{73E9C9C4-F2CD-48CD-B673-54A1740EBD8A}.Release|Mixed Platforms.Build.0 = Release|Any CPU
		{73E9C9C4-F2CD-48CD-B673-54A1740EBD8A}.Release|x86.ActiveCfg = Release|Any CPU
		{27529225-BB29-4E63-8739-13B49751ABC8}.Debug|Any CPU.ActiveCfg = Debug|Any CPU
		{27529225-BB29-4E63-8739-13B49751ABC8}.Debug|Any CPU.Build.0 = Debug|Any CPU
		{27529225-BB29-4E63-8739-13B49751ABC8}.Debug|Mixed Platforms.ActiveCfg = Debug|Any CPU
		{27529225-BB29-4E63-8739-13B49751ABC8}.Debug|Mixed Platforms.Build.0 = Debug|Any CPU
		{27529225-BB29-4E63-8739-13B49751ABC8}.Debug|x86.ActiveCfg = Debug|Any CPU
		{27529225-BB29-4E63-8739-13B49751ABC8}.Debug|x86.Build.0 = Debug|Any CPU
		{27529225-BB29-4E63-8739-13B49751ABC8}.Release|Any CPU.ActiveCfg = Release|Any CPU
		{27529225-BB29-4E63-8739-13B49751ABC8}.Release|Any CPU.Build.0 = Release|Any CPU
		{27529225-BB29-4E63-8739-13B49751ABC8}.Release|Mixed Platforms.ActiveCfg = Release|Any CPU
		{27529225-BB29-4E63-8739-13B49751ABC8}.Release|Mixed Platforms.Build.0 = Release|Any CPU
		{27529225-BB29-4E63-8739-13B49751ABC8}.Release|x86.ActiveCfg = Release|Any CPU
	EndGlobalSection
	GlobalSection(SolutionProperties) = preSolution
		HideSolutionNode = FALSE
	EndGlobalSection
EndGlobal
